
Microsoft Visual Studio Solution File, Format Version 12.00
Project("{2150E333-8FDC-42A3-9474-1A3956D46DE8}") = "Solution Items", "Solution Items", "{FEA772D9-5ABA-4C57-BE98-0D2E8AF4DEDA}"
	ProjectSection(SolutionItems) = preProject
		docker-compose.yml = docker-compose.yml
	EndProjectSection
EndProject
Project("{2150E333-8FDC-42A3-9474-1A3956D46DE8}") = "Basket", "Basket", "{F8251055-A639-4450-976D-4DC2F412D120}"
EndProject
Project("{FAE04EC0-301F-11D3-BF4B-00C04F79EFBC}") = "Basket.Infrastructure", "Basket.Infrastructure\Basket.Infrastructure.csproj", "{9ACB10C4-9FC0-4359-8BA7-8B61545C68A9}"
EndProject
Project("{FAE04EC0-301F-11D3-BF4B-00C04F79EFBC}") = "Basket.Domain", "Basket.Domain\Basket.Domain.csproj", "{BF870BAC-5D5C-478B-A60B-C2C996625016}"
EndProject
Project("{FAE04EC0-301F-11D3-BF4B-00C04F79EFBC}") = "Basket.API", "Basket.API\Basket.API.csproj", "{9D4FDE49-2F71-4DA1-B3FD-370C61981005}"
EndProject
Project("{FAE04EC0-301F-11D3-BF4B-00C04F79EFBC}") = "Gateway.API", "Gateway.API\Gateway.API.csproj", "{E2F39155-2A4B-4F7A-A8C3-1E50B488F97E}"
EndProject
Project("{FAE04EC0-301F-11D3-BF4B-00C04F79EFBC}") = "Identity.API", "Identity.API\Identity.API.csproj", "{7C3371C8-414A-436F-ABEE-63E8A0B1C747}"
EndProject
Project("{2150E333-8FDC-42A3-9474-1A3956D46DE8}") = "Order", "Order", "{61616BC0-E8E5-4F82-8C33-AFF84FC8D713}"
EndProject
Project("{2150E333-8FDC-42A3-9474-1A3956D46DE8}") = "Product", "Product", "{EC9E8FCE-ABF9-48C2-AA6C-061BB82C9FBF}"
EndProject
Project("{FAE04EC0-301F-11D3-BF4B-00C04F79EFBC}") = "Order.API", "Order.API\Order.API.csproj", "{939717DC-DDAC-4430-A493-35928418182D}"
EndProject
Project("{FAE04EC0-301F-11D3-BF4B-00C04F79EFBC}") = "Product.API", "Product.API\Product.API.csproj", "{156A4547-3DA7-487B-9841-D9A8F862F8FA}"
EndProject
Project("{FAE04EC0-301F-11D3-BF4B-00C04F79EFBC}") = "Shared", "Shared\Shared.csproj", "{59A3DDA9-12AD-42CE-B0A1-408AD33B9A3D}"
EndProject
Project("{FAE04EC0-301F-11D3-BF4B-00C04F79EFBC}") = "Basket.Application", "Basket.Application\Basket.Application.csproj", "{E2CDA5B7-E895-415D-9A7C-EE3963B6C8F9}"
EndProject
Global
	GlobalSection(SolutionConfigurationPlatforms) = preSolution
		Debug|Any CPU = Debug|Any CPU
		Release|Any CPU = Release|Any CPU
	EndGlobalSection
	GlobalSection(NestedProjects) = preSolution
		{9ACB10C4-9FC0-4359-8BA7-8B61545C68A9} = {F8251055-A639-4450-976D-4DC2F412D120}
		{BF870BAC-5D5C-478B-A60B-C2C996625016} = {F8251055-A639-4450-976D-4DC2F412D120}
		{9D4FDE49-2F71-4DA1-B3FD-370C61981005} = {F8251055-A639-4450-976D-4DC2F412D120}
		{939717DC-DDAC-4430-A493-35928418182D} = {61616BC0-E8E5-4F82-8C33-AFF84FC8D713}
		{156A4547-3DA7-487B-9841-D9A8F862F8FA} = {EC9E8FCE-ABF9-48C2-AA6C-061BB82C9FBF}
		{E2CDA5B7-E895-415D-9A7C-EE3963B6C8F9} = {F8251055-A639-4450-976D-4DC2F412D120}
	EndGlobalSection
	GlobalSection(ProjectConfigurationPlatforms) = postSolution
		{9ACB10C4-9FC0-4359-8BA7-8B61545C68A9}.Debug|Any CPU.ActiveCfg = Debug|Any CPU
		{9ACB10C4-9FC0-4359-8BA7-8B61545C68A9}.Debug|Any CPU.Build.0 = Debug|Any CPU
		{9ACB10C4-9FC0-4359-8BA7-8B61545C68A9}.Release|Any CPU.ActiveCfg = Release|Any CPU
		{9ACB10C4-9FC0-4359-8BA7-8B61545C68A9}.Release|Any CPU.Build.0 = Release|Any CPU
		{BF870BAC-5D5C-478B-A60B-C2C996625016}.Debug|Any CPU.ActiveCfg = Debug|Any CPU
		{BF870BAC-5D5C-478B-A60B-C2C996625016}.Debug|Any CPU.Build.0 = Debug|Any CPU
		{BF870BAC-5D5C-478B-A60B-C2C996625016}.Release|Any CPU.ActiveCfg = Release|Any CPU
		{BF870BAC-5D5C-478B-A60B-C2C996625016}.Release|Any CPU.Build.0 = Release|Any CPU
		{9D4FDE49-2F71-4DA1-B3FD-370C61981005}.Debug|Any CPU.ActiveCfg = Debug|Any CPU
		{9D4FDE49-2F71-4DA1-B3FD-370C61981005}.Debug|Any CPU.Build.0 = Debug|Any CPU
		{9D4FDE49-2F71-4DA1-B3FD-370C61981005}.Release|Any CPU.ActiveCfg = Release|Any CPU
		{9D4FDE49-2F71-4DA1-B3FD-370C61981005}.Release|Any CPU.Build.0 = Release|Any CPU
		{E2F39155-2A4B-4F7A-A8C3-1E50B488F97E}.Debug|Any CPU.ActiveCfg = Debug|Any CPU
		{E2F39155-2A4B-4F7A-A8C3-1E50B488F97E}.Debug|Any CPU.Build.0 = Debug|Any CPU
		{E2F39155-2A4B-4F7A-A8C3-1E50B488F97E}.Release|Any CPU.ActiveCfg = Release|Any CPU
		{E2F39155-2A4B-4F7A-A8C3-1E50B488F97E}.Release|Any CPU.Build.0 = Release|Any CPU
		{7C3371C8-414A-436F-ABEE-63E8A0B1C747}.Debug|Any CPU.ActiveCfg = Debug|Any CPU
		{7C3371C8-414A-436F-ABEE-63E8A0B1C747}.Debug|Any CPU.Build.0 = Debug|Any CPU
		{7C3371C8-414A-436F-ABEE-63E8A0B1C747}.Release|Any CPU.ActiveCfg = Release|Any CPU
		{7C3371C8-414A-436F-ABEE-63E8A0B1C747}.Release|Any CPU.Build.0 = Release|Any CPU
		{939717DC-DDAC-4430-A493-35928418182D}.Debug|Any CPU.ActiveCfg = Debug|Any CPU
		{939717DC-DDAC-4430-A493-35928418182D}.Debug|Any CPU.Build.0 = Debug|Any CPU
		{939717DC-DDAC-4430-A493-35928418182D}.Release|Any CPU.ActiveCfg = Release|Any CPU
		{939717DC-DDAC-4430-A493-35928418182D}.Release|Any CPU.Build.0 = Release|Any CPU
		{156A4547-3DA7-487B-9841-D9A8F862F8FA}.Debug|Any CPU.ActiveCfg = Debug|Any CPU
		{156A4547-3DA7-487B-9841-D9A8F862F8FA}.Debug|Any CPU.Build.0 = Debug|Any CPU
		{156A4547-3DA7-487B-9841-D9A8F862F8FA}.Release|Any CPU.ActiveCfg = Release|Any CPU
		{156A4547-3DA7-487B-9841-D9A8F862F8FA}.Release|Any CPU.Build.0 = Release|Any CPU
		{59A3DDA9-12AD-42CE-B0A1-408AD33B9A3D}.Debug|Any CPU.ActiveCfg = Debug|Any CPU
		{59A3DDA9-12AD-42CE-B0A1-408AD33B9A3D}.Debug|Any CPU.Build.0 = Debug|Any CPU
		{59A3DDA9-12AD-42CE-B0A1-408AD33B9A3D}.Release|Any CPU.ActiveCfg = Release|Any CPU
		{59A3DDA9-12AD-42CE-B0A1-408AD33B9A3D}.Release|Any CPU.Build.0 = Release|Any CPU
		{E2CDA5B7-E895-415D-9A7C-EE3963B6C8F9}.Debug|Any CPU.ActiveCfg = Debug|Any CPU
		{E2CDA5B7-E895-415D-9A7C-EE3963B6C8F9}.Debug|Any CPU.Build.0 = Debug|Any CPU
		{E2CDA5B7-E895-415D-9A7C-EE3963B6C8F9}.Release|Any CPU.ActiveCfg = Release|Any CPU
		{E2CDA5B7-E895-415D-9A7C-EE3963B6C8F9}.Release|Any CPU.Build.0 = Release|Any CPU
	EndGlobalSection
EndGlobal
