
Microsoft Visual Studio Solution File, Format Version 12.00
Project("{2150E333-8FDC-42A3-9474-1A3956D46DE8}") = "Solution Items", "Solution Items", "{FEA772D9-5ABA-4C57-BE98-0D2E8AF4DEDA}"
	ProjectSection(SolutionItems) = preProject
		docker-compose.yml = docker-compose.yml
	EndProjectSection
EndProject
Project("{2150E333-8FDC-42A3-9474-1A3956D46DE8}") = "Basket", "Basket", "{F8251055-A639-4450-976D-4DC2F412D120}"
EndProject
Project("{FAE04EC0-301F-11D3-BF4B-00C04F79EFBC}") = "Basket_API", "Basket_API\Basket_API.csproj", "{9D4FDE49-2F71-4DA1-B3FD-370C61981005}"
EndProject
Project("{FAE04EC0-301F-11D3-BF4B-00C04F79EFBC}") = "Identity_API", "Identity_API\Identity_API.csproj", "{7C3371C8-414A-436F-ABEE-63E8A0B1C747}"
EndProject
Project("{2150E333-8FDC-42A3-9474-1A3956D46DE8}") = "Order", "Order", "{61616BC0-E8E5-4F82-8C33-AFF84FC8D713}"
EndProject
Project("{2150E333-8FDC-42A3-9474-1A3956D46DE8}") = "Product", "Product", "{EC9E8FCE-ABF9-48C2-AA6C-061BB82C9FBF}"
EndProject
Project("{FAE04EC0-301F-11D3-BF4B-00C04F79EFBC}") = "Order_API", "Order_API\Order_API.csproj", "{939717DC-DDAC-4430-A493-35928418182D}"
EndProject
Project("{FAE04EC0-301F-11D3-BF4B-00C04F79EFBC}") = "Product_API", "Product_API\Product_API.csproj", "{156A4547-3DA7-487B-9841-D9A8F862F8FA}"
EndProject
Project("{FAE04EC0-301F-11D3-BF4B-00C04F79EFBC}") = "Shared", "Shared\Shared.csproj", "{59A3DDA9-12AD-42CE-B0A1-408AD33B9A3D}"
EndProject
Project("{2150E333-8FDC-42A3-9474-1A3956D46DE8}") = "Customer", "Customer", "{67917504-2F9D-419D-ACE5-105129BFBC05}"
EndProject
Project("{2150E333-8FDC-42A3-9474-1A3956D46DE8}") = "Administrator", "Administrator", "{0A96F758-CC8B-4728-BED8-2196893ECF8F}"
EndProject
Project("{2150E333-8FDC-42A3-9474-1A3956D46DE8}") = "EventBus", "EventBus", "{E646F811-ACDE-4DC4-8E68-8DB2FE64A671}"
EndProject
Project("{2150E333-8FDC-42A3-9474-1A3956D46DE8}") = "ClientApp", "ClientApp", "{E411F970-9006-41FC-8486-D50089F8058E}"
EndProject
Project("{2150E333-8FDC-42A3-9474-1A3956D46DE8}") = "MobileApp", "MobileApp", "{6FCC5521-31D5-41A6-A29A-00E801FF3DA7}"
EndProject
Project("{2150E333-8FDC-42A3-9474-1A3956D46DE8}") = "Identity", "Identity", "{D0E11670-1D3A-4AC7-B920-126967C0EFF5}"
EndProject
Project("{FAE04EC0-301F-11D3-BF4B-00C04F79EFBC}") = "Client_App", "Client_App\Client_App.csproj", "{9865187F-7382-4EB4-A45E-714003B63288}"
EndProject
Project("{FAE04EC0-301F-11D3-BF4B-00C04F79EFBC}") = "EventBus_RabbitMq", "EventBus_RabbitMq\EventBus_RabbitMq.csproj", "{D78303E6-369A-4580-8381-54EB92544A7A}"
EndProject
Project("{FAE04EC0-301F-11D3-BF4B-00C04F79EFBC}") = "Customer_API", "Customer_API\Customer_API.csproj", "{74063716-CC08-4777-ACB6-13127D5BD614}"
EndProject
Project("{FAE04EC0-301F-11D3-BF4B-00C04F79EFBC}") = "Administrator_API", "Administrator_API\Administrator_API.csproj", "{0B5BEA92-2FF6-41EB-8A9C-02170E7E279C}"
EndProject
Project("{FAE04EC0-301F-11D3-BF4B-00C04F79EFBC}") = "BasedDomain", "BasedDomain\BasedDomain.csproj", "{402E2B2D-2583-41D5-AEFA-DC919065A5A7}"
EndProject
Project("{2150E333-8FDC-42A3-9474-1A3956D46DE8}") = "Common", "Common", "{98945BD6-0F94-4CB4-809C-060F1B2A00C2}"
EndProject
Project("{FAE04EC0-301F-11D3-BF4B-00C04F79EFBC}") = "Basket_Test", "Basket_Test\Basket_Test.csproj", "{CF28B272-102D-43CB-A187-69BA8DA5CAF9}"
EndProject
Project("{FAE04EC0-301F-11D3-BF4B-00C04F79EFBC}") = "Identity_Test", "Identity_Test\Identity_Test.csproj", "{D73A96F0-E154-41DB-9FCA-1BA33F8FCAC8}"
EndProject
Project("{FAE04EC0-301F-11D3-BF4B-00C04F79EFBC}") = "Product_Test", "Product_Test\Product_Test.csproj", "{8A2747C9-E954-4635-9D41-5E5152983D79}"
EndProject
Project("{2150E333-8FDC-42A3-9474-1A3956D46DE8}") = "Promotion", "Promotion", "{C9177F9F-A6E7-49A6-BAD7-987FCC97BB06}"
EndProject
Project("{FAE04EC0-301F-11D3-BF4B-00C04F79EFBC}") = "Promotion_API", "Promotion_API\Promotion_API.csproj", "{2B3F10E1-4376-4726-BBDB-76FB54D1AA27}"
EndProject
Project("{2150E333-8FDC-42A3-9474-1A3956D46DE8}") = "Aspire", "Aspire", "{2BDD81EC-96C2-4DCD-B6B3-197D8E089D94}"
EndProject
Project("{FAE04EC0-301F-11D3-BF4B-00C04F79EFBC}") = "App_Host", "App_Host\App_Host.csproj", "{B5C7903F-9FA5-4807-8D00-1B84568B9DED}"
EndProject
Global
	GlobalSection(SolutionConfigurationPlatforms) = preSolution
		Debug|Any CPU = Debug|Any CPU
		Release|Any CPU = Release|Any CPU
	EndGlobalSection
	GlobalSection(NestedProjects) = preSolution
		{9D4FDE49-2F71-4DA1-B3FD-370C61981005} = {F8251055-A639-4450-976D-4DC2F412D120}
		{939717DC-DDAC-4430-A493-35928418182D} = {61616BC0-E8E5-4F82-8C33-AFF84FC8D713}
		{156A4547-3DA7-487B-9841-D9A8F862F8FA} = {EC9E8FCE-ABF9-48C2-AA6C-061BB82C9FBF}
		{7C3371C8-414A-436F-ABEE-63E8A0B1C747} = {D0E11670-1D3A-4AC7-B920-126967C0EFF5}
		{9865187F-7382-4EB4-A45E-714003B63288} = {E411F970-9006-41FC-8486-D50089F8058E}
		{D78303E6-369A-4580-8381-54EB92544A7A} = {E646F811-ACDE-4DC4-8E68-8DB2FE64A671}
		{74063716-CC08-4777-ACB6-13127D5BD614} = {67917504-2F9D-419D-ACE5-105129BFBC05}
		{0B5BEA92-2FF6-41EB-8A9C-02170E7E279C} = {0A96F758-CC8B-4728-BED8-2196893ECF8F}
		{59A3DDA9-12AD-42CE-B0A1-408AD33B9A3D} = {98945BD6-0F94-4CB4-809C-060F1B2A00C2}
		{402E2B2D-2583-41D5-AEFA-DC919065A5A7} = {98945BD6-0F94-4CB4-809C-060F1B2A00C2}
		{CF28B272-102D-43CB-A187-69BA8DA5CAF9} = {F8251055-A639-4450-976D-4DC2F412D120}
		{D73A96F0-E154-41DB-9FCA-1BA33F8FCAC8} = {D0E11670-1D3A-4AC7-B920-126967C0EFF5}
		{8A2747C9-E954-4635-9D41-5E5152983D79} = {EC9E8FCE-ABF9-48C2-AA6C-061BB82C9FBF}
		{2B3F10E1-4376-4726-BBDB-76FB54D1AA27} = {C9177F9F-A6E7-49A6-BAD7-987FCC97BB06}
		{B5C7903F-9FA5-4807-8D00-1B84568B9DED} = {2BDD81EC-96C2-4DCD-B6B3-197D8E089D94}
	EndGlobalSection
	GlobalSection(ProjectConfigurationPlatforms) = postSolution
		{9D4FDE49-2F71-4DA1-B3FD-370C61981005}.Debug|Any CPU.ActiveCfg = Debug|Any CPU
		{9D4FDE49-2F71-4DA1-B3FD-370C61981005}.Debug|Any CPU.Build.0 = Debug|Any CPU
		{9D4FDE49-2F71-4DA1-B3FD-370C61981005}.Release|Any CPU.ActiveCfg = Release|Any CPU
		{9D4FDE49-2F71-4DA1-B3FD-370C61981005}.Release|Any CPU.Build.0 = Release|Any CPU
		{7C3371C8-414A-436F-ABEE-63E8A0B1C747}.Debug|Any CPU.ActiveCfg = Debug|Any CPU
		{7C3371C8-414A-436F-ABEE-63E8A0B1C747}.Debug|Any CPU.Build.0 = Debug|Any CPU
		{7C3371C8-414A-436F-ABEE-63E8A0B1C747}.Release|Any CPU.ActiveCfg = Release|Any CPU
		{7C3371C8-414A-436F-ABEE-63E8A0B1C747}.Release|Any CPU.Build.0 = Release|Any CPU
		{939717DC-DDAC-4430-A493-35928418182D}.Debug|Any CPU.ActiveCfg = Debug|Any CPU
		{939717DC-DDAC-4430-A493-35928418182D}.Debug|Any CPU.Build.0 = Debug|Any CPU
		{939717DC-DDAC-4430-A493-35928418182D}.Release|Any CPU.ActiveCfg = Release|Any CPU
		{939717DC-DDAC-4430-A493-35928418182D}.Release|Any CPU.Build.0 = Release|Any CPU
		{156A4547-3DA7-487B-9841-D9A8F862F8FA}.Debug|Any CPU.ActiveCfg = Debug|Any CPU
		{156A4547-3DA7-487B-9841-D9A8F862F8FA}.Debug|Any CPU.Build.0 = Debug|Any CPU
		{156A4547-3DA7-487B-9841-D9A8F862F8FA}.Release|Any CPU.ActiveCfg = Release|Any CPU
		{156A4547-3DA7-487B-9841-D9A8F862F8FA}.Release|Any CPU.Build.0 = Release|Any CPU
		{59A3DDA9-12AD-42CE-B0A1-408AD33B9A3D}.Debug|Any CPU.ActiveCfg = Debug|Any CPU
		{59A3DDA9-12AD-42CE-B0A1-408AD33B9A3D}.Debug|Any CPU.Build.0 = Debug|Any CPU
		{59A3DDA9-12AD-42CE-B0A1-408AD33B9A3D}.Release|Any CPU.ActiveCfg = Release|Any CPU
		{59A3DDA9-12AD-42CE-B0A1-408AD33B9A3D}.Release|Any CPU.Build.0 = Release|Any CPU
		{9865187F-7382-4EB4-A45E-714003B63288}.Debug|Any CPU.ActiveCfg = Debug|Any CPU
		{9865187F-7382-4EB4-A45E-714003B63288}.Debug|Any CPU.Build.0 = Debug|Any CPU
		{9865187F-7382-4EB4-A45E-714003B63288}.Release|Any CPU.ActiveCfg = Release|Any CPU
		{9865187F-7382-4EB4-A45E-714003B63288}.Release|Any CPU.Build.0 = Release|Any CPU
		{D78303E6-369A-4580-8381-54EB92544A7A}.Debug|Any CPU.ActiveCfg = Debug|Any CPU
		{D78303E6-369A-4580-8381-54EB92544A7A}.Debug|Any CPU.Build.0 = Debug|Any CPU
		{D78303E6-369A-4580-8381-54EB92544A7A}.Release|Any CPU.ActiveCfg = Release|Any CPU
		{D78303E6-369A-4580-8381-54EB92544A7A}.Release|Any CPU.Build.0 = Release|Any CPU
		{74063716-CC08-4777-ACB6-13127D5BD614}.Debug|Any CPU.ActiveCfg = Debug|Any CPU
		{74063716-CC08-4777-ACB6-13127D5BD614}.Debug|Any CPU.Build.0 = Debug|Any CPU
		{74063716-CC08-4777-ACB6-13127D5BD614}.Release|Any CPU.ActiveCfg = Release|Any CPU
		{74063716-CC08-4777-ACB6-13127D5BD614}.Release|Any CPU.Build.0 = Release|Any CPU
		{0B5BEA92-2FF6-41EB-8A9C-02170E7E279C}.Debug|Any CPU.ActiveCfg = Debug|Any CPU
		{0B5BEA92-2FF6-41EB-8A9C-02170E7E279C}.Debug|Any CPU.Build.0 = Debug|Any CPU
		{0B5BEA92-2FF6-41EB-8A9C-02170E7E279C}.Release|Any CPU.ActiveCfg = Release|Any CPU
		{0B5BEA92-2FF6-41EB-8A9C-02170E7E279C}.Release|Any CPU.Build.0 = Release|Any CPU
		{402E2B2D-2583-41D5-AEFA-DC919065A5A7}.Debug|Any CPU.ActiveCfg = Debug|Any CPU
		{402E2B2D-2583-41D5-AEFA-DC919065A5A7}.Debug|Any CPU.Build.0 = Debug|Any CPU
		{402E2B2D-2583-41D5-AEFA-DC919065A5A7}.Release|Any CPU.ActiveCfg = Release|Any CPU
		{402E2B2D-2583-41D5-AEFA-DC919065A5A7}.Release|Any CPU.Build.0 = Release|Any CPU
		{CF28B272-102D-43CB-A187-69BA8DA5CAF9}.Debug|Any CPU.ActiveCfg = Debug|Any CPU
		{CF28B272-102D-43CB-A187-69BA8DA5CAF9}.Debug|Any CPU.Build.0 = Debug|Any CPU
		{CF28B272-102D-43CB-A187-69BA8DA5CAF9}.Release|Any CPU.ActiveCfg = Release|Any CPU
		{CF28B272-102D-43CB-A187-69BA8DA5CAF9}.Release|Any CPU.Build.0 = Release|Any CPU
		{D73A96F0-E154-41DB-9FCA-1BA33F8FCAC8}.Debug|Any CPU.ActiveCfg = Debug|Any CPU
		{D73A96F0-E154-41DB-9FCA-1BA33F8FCAC8}.Debug|Any CPU.Build.0 = Debug|Any CPU
		{D73A96F0-E154-41DB-9FCA-1BA33F8FCAC8}.Release|Any CPU.ActiveCfg = Release|Any CPU
		{D73A96F0-E154-41DB-9FCA-1BA33F8FCAC8}.Release|Any CPU.Build.0 = Release|Any CPU
		{8A2747C9-E954-4635-9D41-5E5152983D79}.Debug|Any CPU.ActiveCfg = Debug|Any CPU
		{8A2747C9-E954-4635-9D41-5E5152983D79}.Debug|Any CPU.Build.0 = Debug|Any CPU
		{8A2747C9-E954-4635-9D41-5E5152983D79}.Release|Any CPU.ActiveCfg = Release|Any CPU
		{8A2747C9-E954-4635-9D41-5E5152983D79}.Release|Any CPU.Build.0 = Release|Any CPU
		{2B3F10E1-4376-4726-BBDB-76FB54D1AA27}.Debug|Any CPU.ActiveCfg = Debug|Any CPU
		{2B3F10E1-4376-4726-BBDB-76FB54D1AA27}.Debug|Any CPU.Build.0 = Debug|Any CPU
		{2B3F10E1-4376-4726-BBDB-76FB54D1AA27}.Release|Any CPU.ActiveCfg = Release|Any CPU
		{2B3F10E1-4376-4726-BBDB-76FB54D1AA27}.Release|Any CPU.Build.0 = Release|Any CPU
		{B5C7903F-9FA5-4807-8D00-1B84568B9DED}.Debug|Any CPU.ActiveCfg = Debug|Any CPU
		{B5C7903F-9FA5-4807-8D00-1B84568B9DED}.Debug|Any CPU.Build.0 = Debug|Any CPU
		{B5C7903F-9FA5-4807-8D00-1B84568B9DED}.Release|Any CPU.ActiveCfg = Release|Any CPU
		{B5C7903F-9FA5-4807-8D00-1B84568B9DED}.Release|Any CPU.Build.0 = Release|Any CPU
	EndGlobalSection
EndGlobal
