
Microsoft Visual Studio Solution File, Format Version 12.00
Project("{2150E333-8FDC-42A3-9474-1A3956D46DE8}") = "Solution Items", "Solution Items", "{FEA772D9-5ABA-4C57-BE98-0D2E8AF4DEDA}"
	ProjectSection(SolutionItems) = preProject
		docker-compose.yml = docker-compose.yml
	EndProjectSection
EndProject
Project("{2150E333-8FDC-42A3-9474-1A3956D46DE8}") = "Basket", "Basket", "{F8251055-A639-4450-976D-4DC2F412D120}"
EndProject
Project("{FAE04EC0-301F-11D3-BF4B-00C04F79EFBC}") = "Basket_API", "Basket_API\Basket_API.csproj", "{9D4FDE49-2F71-4DA1-B3FD-370C61981005}"
EndProject
Project("{FAE04EC0-301F-11D3-BF4B-00C04F79EFBC}") = "Identity_API", "Identity_API\Identity_API.csproj", "{7C3371C8-414A-436F-ABEE-63E8A0B1C747}"
EndProject
Project("{2150E333-8FDC-42A3-9474-1A3956D46DE8}") = "Order", "Order", "{61616BC0-E8E5-4F82-8C33-AFF84FC8D713}"
EndProject
Project("{2150E333-8FDC-42A3-9474-1A3956D46DE8}") = "Product", "Product", "{EC9E8FCE-ABF9-48C2-AA6C-061BB82C9FBF}"
EndProject
Project("{FAE04EC0-301F-11D3-BF4B-00C04F79EFBC}") = "Order_API", "Order_API\Order_API.csproj", "{939717DC-DDAC-4430-A493-35928418182D}"
EndProject
Project("{FAE04EC0-301F-11D3-BF4B-00C04F79EFBC}") = "Product_API", "Product_API\Product_API.csproj", "{156A4547-3DA7-487B-9841-D9A8F862F8FA}"
EndProject
Project("{FAE04EC0-301F-11D3-BF4B-00C04F79EFBC}") = "Shared", "Shared\Shared.csproj", "{59A3DDA9-12AD-42CE-B0A1-408AD33B9A3D}"
EndProject
Project("{2150E333-8FDC-42A3-9474-1A3956D46DE8}") = "Customer", "Customer", "{67917504-2F9D-419D-ACE5-105129BFBC05}"
EndProject
Project("{2150E333-8FDC-42A3-9474-1A3956D46DE8}") = "Administrator", "Administrator", "{0A96F758-CC8B-4728-BED8-2196893ECF8F}"
EndProject
Project("{2150E333-8FDC-42A3-9474-1A3956D46DE8}") = "EventBus", "EventBus", "{E646F811-ACDE-4DC4-8E68-8DB2FE64A671}"
EndProject
Project("{2150E333-8FDC-42A3-9474-1A3956D46DE8}") = "ClientApp", "ClientApp", "{E411F970-9006-41FC-8486-D50089F8058E}"
EndProject
Project("{2150E333-8FDC-42A3-9474-1A3956D46DE8}") = "MobileApp", "MobileApp", "{6FCC5521-31D5-41A6-A29A-00E801FF3DA7}"
EndProject
Project("{F2A71F9B-5D33-465A-A702-920D77279786}") = "Customer_API", "Customer_API\Customer_API.fsproj", "{FB3253DF-9B5C-43D3-8A4C-0F79FC4E75B0}"
EndProject
Project("{FAE04EC0-301F-11D3-BF4B-00C04F79EFBC}") = "Cient_App", "Cient_App\Cient_App.csproj", "{E311E1B9-3C05-427F-B5BC-836F98384FB5}"
EndProject
Project("{2150E333-8FDC-42A3-9474-1A3956D46DE8}") = "Discount", "Discount", "{236686C2-7385-48D1-B83D-61F419361011}"
EndProject
Project("{2150E333-8FDC-42A3-9474-1A3956D46DE8}") = "Identity", "Identity", "{D0E11670-1D3A-4AC7-B920-126967C0EFF5}"
EndProject
Project("{FAE04EC0-301F-11D3-BF4B-00C04F79EFBC}") = "Discount_API", "Discount_API\Discount_API.csproj", "{8BC928E5-AD13-4EA0-ACF3-ACEC1FB273DB}"
EndProject
Global
	GlobalSection(SolutionConfigurationPlatforms) = preSolution
		Debug|Any CPU = Debug|Any CPU
		Release|Any CPU = Release|Any CPU
	EndGlobalSection
	GlobalSection(NestedProjects) = preSolution
		{9D4FDE49-2F71-4DA1-B3FD-370C61981005} = {F8251055-A639-4450-976D-4DC2F412D120}
		{939717DC-DDAC-4430-A493-35928418182D} = {61616BC0-E8E5-4F82-8C33-AFF84FC8D713}
		{156A4547-3DA7-487B-9841-D9A8F862F8FA} = {EC9E8FCE-ABF9-48C2-AA6C-061BB82C9FBF}
		{FB3253DF-9B5C-43D3-8A4C-0F79FC4E75B0} = {67917504-2F9D-419D-ACE5-105129BFBC05}
		{E311E1B9-3C05-427F-B5BC-836F98384FB5} = {E411F970-9006-41FC-8486-D50089F8058E}
		{7C3371C8-414A-436F-ABEE-63E8A0B1C747} = {D0E11670-1D3A-4AC7-B920-126967C0EFF5}
		{8BC928E5-AD13-4EA0-ACF3-ACEC1FB273DB} = {236686C2-7385-48D1-B83D-61F419361011}
	EndGlobalSection
	GlobalSection(ProjectConfigurationPlatforms) = postSolution
		{9D4FDE49-2F71-4DA1-B3FD-370C61981005}.Debug|Any CPU.ActiveCfg = Debug|Any CPU
		{9D4FDE49-2F71-4DA1-B3FD-370C61981005}.Debug|Any CPU.Build.0 = Debug|Any CPU
		{9D4FDE49-2F71-4DA1-B3FD-370C61981005}.Release|Any CPU.ActiveCfg = Release|Any CPU
		{9D4FDE49-2F71-4DA1-B3FD-370C61981005}.Release|Any CPU.Build.0 = Release|Any CPU
		{7C3371C8-414A-436F-ABEE-63E8A0B1C747}.Debug|Any CPU.ActiveCfg = Debug|Any CPU
		{7C3371C8-414A-436F-ABEE-63E8A0B1C747}.Debug|Any CPU.Build.0 = Debug|Any CPU
		{7C3371C8-414A-436F-ABEE-63E8A0B1C747}.Release|Any CPU.ActiveCfg = Release|Any CPU
		{7C3371C8-414A-436F-ABEE-63E8A0B1C747}.Release|Any CPU.Build.0 = Release|Any CPU
		{939717DC-DDAC-4430-A493-35928418182D}.Debug|Any CPU.ActiveCfg = Debug|Any CPU
		{939717DC-DDAC-4430-A493-35928418182D}.Debug|Any CPU.Build.0 = Debug|Any CPU
		{939717DC-DDAC-4430-A493-35928418182D}.Release|Any CPU.ActiveCfg = Release|Any CPU
		{939717DC-DDAC-4430-A493-35928418182D}.Release|Any CPU.Build.0 = Release|Any CPU
		{156A4547-3DA7-487B-9841-D9A8F862F8FA}.Debug|Any CPU.ActiveCfg = Debug|Any CPU
		{156A4547-3DA7-487B-9841-D9A8F862F8FA}.Debug|Any CPU.Build.0 = Debug|Any CPU
		{156A4547-3DA7-487B-9841-D9A8F862F8FA}.Release|Any CPU.ActiveCfg = Release|Any CPU
		{156A4547-3DA7-487B-9841-D9A8F862F8FA}.Release|Any CPU.Build.0 = Release|Any CPU
		{59A3DDA9-12AD-42CE-B0A1-408AD33B9A3D}.Debug|Any CPU.ActiveCfg = Debug|Any CPU
		{59A3DDA9-12AD-42CE-B0A1-408AD33B9A3D}.Debug|Any CPU.Build.0 = Debug|Any CPU
		{59A3DDA9-12AD-42CE-B0A1-408AD33B9A3D}.Release|Any CPU.ActiveCfg = Release|Any CPU
		{59A3DDA9-12AD-42CE-B0A1-408AD33B9A3D}.Release|Any CPU.Build.0 = Release|Any CPU
		{FB3253DF-9B5C-43D3-8A4C-0F79FC4E75B0}.Debug|Any CPU.ActiveCfg = Debug|Any CPU
		{FB3253DF-9B5C-43D3-8A4C-0F79FC4E75B0}.Debug|Any CPU.Build.0 = Debug|Any CPU
		{FB3253DF-9B5C-43D3-8A4C-0F79FC4E75B0}.Release|Any CPU.ActiveCfg = Release|Any CPU
		{FB3253DF-9B5C-43D3-8A4C-0F79FC4E75B0}.Release|Any CPU.Build.0 = Release|Any CPU
		{E311E1B9-3C05-427F-B5BC-836F98384FB5}.Debug|Any CPU.ActiveCfg = Debug|Any CPU
		{E311E1B9-3C05-427F-B5BC-836F98384FB5}.Debug|Any CPU.Build.0 = Debug|Any CPU
		{E311E1B9-3C05-427F-B5BC-836F98384FB5}.Release|Any CPU.ActiveCfg = Release|Any CPU
		{E311E1B9-3C05-427F-B5BC-836F98384FB5}.Release|Any CPU.Build.0 = Release|Any CPU
		{8BC928E5-AD13-4EA0-ACF3-ACEC1FB273DB}.Debug|Any CPU.ActiveCfg = Debug|Any CPU
		{8BC928E5-AD13-4EA0-ACF3-ACEC1FB273DB}.Debug|Any CPU.Build.0 = Debug|Any CPU
		{8BC928E5-AD13-4EA0-ACF3-ACEC1FB273DB}.Release|Any CPU.ActiveCfg = Release|Any CPU
		{8BC928E5-AD13-4EA0-ACF3-ACEC1FB273DB}.Release|Any CPU.Build.0 = Release|Any CPU
	EndGlobalSection
EndGlobal
